lockfileVersion: '9.0'

settings:
  autoInstallPeers: true
  excludeLinksFromLockfile: false

importers:

  .:
    dependencies:
      '@heroicons/react':
        specifier: ^2.1.3
        version: 2.1.5(react@19.0.0-rc-e948a5ac-20240807)
      '@next/env':
        specifier: ^14.2.3
        version: 14.2.5
      '@tailwindcss/postcss':
        specifier: 4.0.0-alpha.18
        version: 4.0.0-alpha.18(postcss@8.4.41)
      '@types/node':
        specifier: ^20
        version: 20.14.14
      '@types/papaparse':
        specifier: ^5.3.14
        version: 5.3.14
      '@types/react':
        specifier: ^18
        version: 18.3.3
      '@types/react-dom':
        specifier: ^18
        version: 18.3.0
      '@vercel/postgres':
        specifier: ^0.8.0
        version: 0.8.0
      clsx:
        specifier: ^2.1.1
        version: 2.1.1
      next:
        specifier: 15.0.0-canary.107
        version: 15.0.0-canary.107(react-dom@19.0.0-rc-e948a5ac-20240807(react@19.0.0-rc-e948a5ac-20240807))(react@19.0.0-rc-e948a5ac-20240807)
      papaparse:
        specifier: ^5.4.1
        version: 5.4.1
      postcss:
        specifier: ^8.4.38
        version: 8.4.41
      prettier:
        specifier: ^3.2.5
        version: 3.3.3
      react:
        specifier: 19.0.0-rc-e948a5ac-20240807
        version: 19.0.0-rc-e948a5ac-20240807
      react-dom:
        specifier: 19.0.0-rc-e948a5ac-20240807
        version: 19.0.0-rc-e948a5ac-20240807(react@19.0.0-rc-e948a5ac-20240807)
      tailwindcss:
        specifier: 4.0.0-alpha.18
        version: 4.0.0-alpha.18
      typescript:
        specifier: ^5.5.4
        version: 5.5.4
      use-debounce:
        specifier: ^10.0.0
        version: 10.0.2(react@19.0.0-rc-e948a5ac-20240807)

packages:

  '@emnapi/runtime@1.2.0':
    resolution: {integrity: sha512-bV21/9LQmcQeCPEg3BDFtvwL6cwiTMksYNWQQ4KOxCZikEGalWtenoZ0wCiukJINlGCIi2KXx01g4FoH/LxpzQ==}

  '@heroicons/react@2.1.5':
    resolution: {integrity: sha512-FuzFN+BsHa+7OxbvAERtgBTNeZpUjgM/MIizfVkSCL2/edriN0Hx/DWRCR//aPYwO5QX/YlgLGXk+E3PcfZwjA==}
    peerDependencies:
      react: '>= 16'

  '@img/sharp-darwin-arm64@0.33.4':
    resolution: {integrity: sha512-p0suNqXufJs9t3RqLBO6vvrgr5OhgbWp76s5gTRvdmxmuv9E1rcaqGUsl3l4mKVmXPkTkTErXediAui4x+8PSA==}
    engines: {glibc: '>=2.26', node: ^18.17.0 || ^20.3.0 || >=21.0.0, npm: '>=9.6.5', pnpm: '>=7.1.0', yarn: '>=3.2.0'}
    cpu: [arm64]
    os: [darwin]

  '@img/sharp-darwin-x64@0.33.4':
    resolution: {integrity: sha512-0l7yRObwtTi82Z6ebVI2PnHT8EB2NxBgpK2MiKJZJ7cz32R4lxd001ecMhzzsZig3Yv9oclvqqdV93jo9hy+Dw==}
    engines: {glibc: '>=2.26', node: ^18.17.0 || ^20.3.0 || >=21.0.0, npm: '>=9.6.5', pnpm: '>=7.1.0', yarn: '>=3.2.0'}
    cpu: [x64]
    os: [darwin]

  '@img/sharp-libvips-darwin-arm64@1.0.2':
    resolution: {integrity: sha512-tcK/41Rq8IKlSaKRCCAuuY3lDJjQnYIW1UXU1kxcEKrfL8WR7N6+rzNoOxoQRJWTAECuKwgAHnPvqXGN8XfkHA==}
    engines: {macos: '>=11', npm: '>=9.6.5', pnpm: '>=7.1.0', yarn: '>=3.2.0'}
    cpu: [arm64]
    os: [darwin]

  '@img/sharp-libvips-darwin-x64@1.0.2':
    resolution: {integrity: sha512-Ofw+7oaWa0HiiMiKWqqaZbaYV3/UGL2wAPeLuJTx+9cXpCRdvQhCLG0IH8YGwM0yGWGLpsF4Su9vM1o6aer+Fw==}
    engines: {macos: '>=10.13', npm: '>=9.6.5', pnpm: '>=7.1.0', yarn: '>=3.2.0'}
    cpu: [x64]
    os: [darwin]

  '@img/sharp-libvips-linux-arm64@1.0.2':
    resolution: {integrity: sha512-x7kCt3N00ofFmmkkdshwj3vGPCnmiDh7Gwnd4nUwZln2YjqPxV1NlTyZOvoDWdKQVDL911487HOueBvrpflagw==}
    engines: {glibc: '>=2.26', npm: '>=9.6.5', pnpm: '>=7.1.0', yarn: '>=3.2.0'}
    cpu: [arm64]
    os: [linux]

  '@img/sharp-libvips-linux-arm@1.0.2':
    resolution: {integrity: sha512-iLWCvrKgeFoglQxdEwzu1eQV04o8YeYGFXtfWU26Zr2wWT3q3MTzC+QTCO3ZQfWd3doKHT4Pm2kRmLbupT+sZw==}
    engines: {glibc: '>=2.28', npm: '>=9.6.5', pnpm: '>=7.1.0', yarn: '>=3.2.0'}
    cpu: [arm]
    os: [linux]

  '@img/sharp-libvips-linux-s390x@1.0.2':
    resolution: {integrity: sha512-cmhQ1J4qVhfmS6szYW7RT+gLJq9dH2i4maq+qyXayUSn9/3iY2ZeWpbAgSpSVbV2E1JUL2Gg7pwnYQ1h8rQIog==}
    engines: {glibc: '>=2.28', npm: '>=9.6.5', pnpm: '>=7.1.0', yarn: '>=3.2.0'}
    cpu: [s390x]
    os: [linux]

  '@img/sharp-libvips-linux-x64@1.0.2':
    resolution: {integrity: sha512-E441q4Qdb+7yuyiADVi5J+44x8ctlrqn8XgkDTwr4qPJzWkaHwD489iZ4nGDgcuya4iMN3ULV6NwbhRZJ9Z7SQ==}
    engines: {glibc: '>=2.26', npm: '>=9.6.5', pnpm: '>=7.1.0', yarn: '>=3.2.0'}
    cpu: [x64]
    os: [linux]

  '@img/sharp-libvips-linuxmusl-arm64@1.0.2':
    resolution: {integrity: sha512-3CAkndNpYUrlDqkCM5qhksfE+qSIREVpyoeHIU6jd48SJZViAmznoQQLAv4hVXF7xyUB9zf+G++e2v1ABjCbEQ==}
    engines: {musl: '>=1.2.2', npm: '>=9.6.5', pnpm: '>=7.1.0', yarn: '>=3.2.0'}
    cpu: [arm64]
    os: [linux]

  '@img/sharp-libvips-linuxmusl-x64@1.0.2':
    resolution: {integrity: sha512-VI94Q6khIHqHWNOh6LLdm9s2Ry4zdjWJwH56WoiJU7NTeDwyApdZZ8c+SADC8OH98KWNQXnE01UdJ9CSfZvwZw==}
    engines: {musl: '>=1.2.2', npm: '>=9.6.5', pnpm: '>=7.1.0', yarn: '>=3.2.0'}
    cpu: [x64]
    os: [linux]

  '@img/sharp-linux-arm64@0.33.4':
    resolution: {integrity: sha512-2800clwVg1ZQtxwSoTlHvtm9ObgAax7V6MTAB/hDT945Tfyy3hVkmiHpeLPCKYqYR1Gcmv1uDZ3a4OFwkdBL7Q==}
    engines: {glibc: '>=2.26', node: ^18.17.0 || ^20.3.0 || >=21.0.0, npm: '>=9.6.5', pnpm: '>=7.1.0', yarn: '>=3.2.0'}
    cpu: [arm64]
    os: [linux]

  '@img/sharp-linux-arm@0.33.4':
    resolution: {integrity: sha512-RUgBD1c0+gCYZGCCe6mMdTiOFS0Zc/XrN0fYd6hISIKcDUbAW5NtSQW9g/powkrXYm6Vzwd6y+fqmExDuCdHNQ==}
    engines: {glibc: '>=2.28', node: ^18.17.0 || ^20.3.0 || >=21.0.0, npm: '>=9.6.5', pnpm: '>=7.1.0', yarn: '>=3.2.0'}
    cpu: [arm]
    os: [linux]

  '@img/sharp-linux-s390x@0.33.4':
    resolution: {integrity: sha512-h3RAL3siQoyzSoH36tUeS0PDmb5wINKGYzcLB5C6DIiAn2F3udeFAum+gj8IbA/82+8RGCTn7XW8WTFnqag4tQ==}
    engines: {glibc: '>=2.31', node: ^18.17.0 || ^20.3.0 || >=21.0.0, npm: '>=9.6.5', pnpm: '>=7.1.0', yarn: '>=3.2.0'}
    cpu: [s390x]
    os: [linux]

  '@img/sharp-linux-x64@0.33.4':
    resolution: {integrity: sha512-GoR++s0XW9DGVi8SUGQ/U4AeIzLdNjHka6jidVwapQ/JebGVQIpi52OdyxCNVRE++n1FCLzjDovJNozif7w/Aw==}
    engines: {glibc: '>=2.26', node: ^18.17.0 || ^20.3.0 || >=21.0.0, npm: '>=9.6.5', pnpm: '>=7.1.0', yarn: '>=3.2.0'}
    cpu: [x64]
    os: [linux]

  '@img/sharp-linuxmusl-arm64@0.33.4':
    resolution: {integrity: sha512-nhr1yC3BlVrKDTl6cO12gTpXMl4ITBUZieehFvMntlCXFzH2bvKG76tBL2Y/OqhupZt81pR7R+Q5YhJxW0rGgQ==}
    engines: {musl: '>=1.2.2', node: ^18.17.0 || ^20.3.0 || >=21.0.0, npm: '>=9.6.5', pnpm: '>=7.1.0', yarn: '>=3.2.0'}
    cpu: [arm64]
    os: [linux]

  '@img/sharp-linuxmusl-x64@0.33.4':
    resolution: {integrity: sha512-uCPTku0zwqDmZEOi4ILyGdmW76tH7dm8kKlOIV1XC5cLyJ71ENAAqarOHQh0RLfpIpbV5KOpXzdU6XkJtS0daw==}
    engines: {musl: '>=1.2.2', node: ^18.17.0 || ^20.3.0 || >=21.0.0, npm: '>=9.6.5', pnpm: '>=7.1.0', yarn: '>=3.2.0'}
    cpu: [x64]
    os: [linux]

  '@img/sharp-wasm32@0.33.4':
    resolution: {integrity: sha512-Bmmauh4sXUsUqkleQahpdNXKvo+wa1V9KhT2pDA4VJGKwnKMJXiSTGphn0gnJrlooda0QxCtXc6RX1XAU6hMnQ==}
    engines: {node: ^18.17.0 || ^20.3.0 || >=21.0.0, npm: '>=9.6.5', pnpm: '>=7.1.0', yarn: '>=3.2.0'}
    cpu: [wasm32]

  '@img/sharp-win32-ia32@0.33.4':
    resolution: {integrity: sha512-99SJ91XzUhYHbx7uhK3+9Lf7+LjwMGQZMDlO/E/YVJ7Nc3lyDFZPGhjwiYdctoH2BOzW9+TnfqcaMKt0jHLdqw==}
    engines: {node: ^18.17.0 || ^20.3.0 || >=21.0.0, npm: '>=9.6.5', pnpm: '>=7.1.0', yarn: '>=3.2.0'}
    cpu: [ia32]
    os: [win32]

  '@img/sharp-win32-x64@0.33.4':
    resolution: {integrity: sha512-3QLocdTRVIrFNye5YocZl+KKpYKP+fksi1QhmOArgx7GyhIbQp/WrJRu176jm8IxromS7RIkzMiMINVdBtC8Aw==}
    engines: {node: ^18.17.0 || ^20.3.0 || >=21.0.0, npm: '>=9.6.5', pnpm: '>=7.1.0', yarn: '>=3.2.0'}
    cpu: [x64]
    os: [win32]

  '@neondatabase/serverless@0.7.2':
    resolution: {integrity: sha512-wU3WA2uTyNO7wjPs3Mg0G01jztAxUxzd9/mskMmtPwPTjf7JKWi9AW5/puOGXLxmZ9PVgRFeBVRVYq5nBPhsCg==}

  '@next/env@14.2.5':
    resolution: {integrity: sha512-/zZGkrTOsraVfYjGP8uM0p6r0BDT6xWpkjdVbcz66PJVSpwXX3yNiRycxAuDfBKGWBrZBXRuK/YVlkNgxHGwmA==}

  '@next/env@15.0.0-canary.107':
    resolution: {integrity: sha512-QDKBQvYVqyPNSwdvlGy1EEp4AzhGWF9wd1heI/9m3pArRRTyY86kD6SfMCYgpdk7jEt4CDOCtu92SilsXSLy3Q==}

  '@next/swc-darwin-arm64@15.0.0-canary.107':
    resolution: {integrity: sha512-SpIkpEuQSr43KDKEpJVANYA4fzbF811/+zWdHS+rbtmPfoPu9MG1T/yTFLQFMxq6EPO5Qu3LDIm1LpO308sY2A==}
    engines: {node: '>= 10'}
    cpu: [arm64]
    os: [darwin]

  '@next/swc-darwin-x64@15.0.0-canary.107':
    resolution: {integrity: sha512-HRxP9Q8oWr2DgVYiyd6BoBBZZ9uhMHgQErhj83SV5lRaGTUEwC2f83UDCBllbZ0g+n782CLCn02stE1qhdrzLw==}
    engines: {node: '>= 10'}
    cpu: [x64]
    os: [darwin]

  '@next/swc-linux-arm64-gnu@15.0.0-canary.107':
    resolution: {integrity: sha512-Wu9ujkDr3f9sb7tJydanwSCP8a0XriwzGudXfHSPeLopInFUaLH5jTctj7+9WHbhY9EqARfC8j8DuwQKAa8kaw==}
    engines: {node: '>= 10'}
    cpu: [arm64]
    os: [linux]

  '@next/swc-linux-arm64-musl@15.0.0-canary.107':
    resolution: {integrity: sha512-6lWmUA11GgEpzPxCJ8m2uhQTm7XjtBdAbRBcifLNbA4Ozyn4ulYcDfA6PEKvEjgs2evR8JcIN7CCgZukZlXhRQ==}
    engines: {node: '>= 10'}
    cpu: [arm64]
    os: [linux]

  '@next/swc-linux-x64-gnu@15.0.0-canary.107':
    resolution: {integrity: sha512-dAfg1fejFTwFgZiqg4h7rccGfDXMWY41Mr7DRjBC/dRIYuCgO0QYocypKfFXZ/r5LuF53KOUWQxIeGj2UP1HUQ==}
    engines: {node: '>= 10'}
    cpu: [x64]
    os: [linux]

  '@next/swc-linux-x64-musl@15.0.0-canary.107':
    resolution: {integrity: sha512-0AnEsrqj4nlOERmPLEeFaPydYDOrjbhCc5+cA+8i7qTHVcmBdnkfp1Y0Z1ulhRSOhmUncddDhdyGLzvacavvEA==}
    engines: {node: '>= 10'}
    cpu: [x64]
    os: [linux]

  '@next/swc-win32-arm64-msvc@15.0.0-canary.107':
    resolution: {integrity: sha512-FcD1QNLs0tPzV7uPF5pYYqyRKWowgo7meUiZx1T6HYReT5pmDVCIkGD6ieZbUO8AUBATp406NiULAvZKpdIOSQ==}
    engines: {node: '>= 10'}
    cpu: [arm64]
    os: [win32]

  '@next/swc-win32-ia32-msvc@15.0.0-canary.107':
    resolution: {integrity: sha512-3CgwiY56KlOL/QbK2tjZE7WIFtdkd+AtIgXXPngq+9OmqsDBYzaUI03jpEUNFYCuSLLCNAWGzEqpZA7qVOhsUQ==}
    engines: {node: '>= 10'}
    cpu: [ia32]
    os: [win32]

  '@next/swc-win32-x64-msvc@15.0.0-canary.107':
    resolution: {integrity: sha512-OiJrXwVFAhu8XhkoTOk7qfOk1h1CpK90c4q7j+0KR5SrzOu9Q+u5O4G93tYW8nypWhO4Tki1KYhZhDaI0lpbEQ==}
    engines: {node: '>= 10'}
    cpu: [x64]
    os: [win32]

  '@swc/counter@0.1.3':
    resolution: {integrity: sha512-e2BR4lsJkkRlKZ/qCHPw9ZaSxc0MVUd7gtbtaB7aMvHeJVYe8sOB8DBZkP2DtISHGSku9sCK6T6cnY0CtXrOCQ==}

  '@swc/helpers@0.5.12':
    resolution: {integrity: sha512-KMZNXiGibsW9kvZAO1Pam2JPTDBm+KSHMMHWdsyI/1DbIZjT2A6Gy3hblVXUMEDvUAKq+e0vL0X0o54owWji7g==}

  '@tailwindcss/oxide-android-arm64@4.0.0-alpha.18':
    resolution: {integrity: sha512-fAdyr3GC5CDEdiVs/wg6aZFr0BD/RZxlEAjzGUL9mFyqyX5HsGbu0rVwyJvDaFjKMw5nB6hjfyaZMpuwHfQr8w==}
    engines: {node: '>= 10'}
    cpu: [arm64]
    os: [android]

  '@tailwindcss/oxide-darwin-arm64@4.0.0-alpha.18':
    resolution: {integrity: sha512-K3YoYtAQNyaLXJ8q6f2ib4K6hm1+MT2ajh59C8rLOjfBp0jL4Whd8k9DuL8ctjlVoRvRT9ggQO90fKqx5g+6HA==}
    engines: {node: '>= 10'}
    cpu: [arm64]
    os: [darwin]

  '@tailwindcss/oxide-darwin-x64@4.0.0-alpha.18':
    resolution: {integrity: sha512-WYIK59UaKWhh1LVV6E3VdfPjrZZl/d1q1B3pBVXSoxOWU2fX1OP1f6pqs78/cADAK3FDJ24MByn2m/rDyfFXvg==}
    engines: {node: '>= 10'}
    cpu: [x64]
    os: [darwin]

  '@tailwindcss/oxide-freebsd-x64@4.0.0-alpha.18':
    resolution: {integrity: sha512-awG9qCHfVEa7yyEnFziDf0jkbJ/zB7n8CYv6jnDt43nfrdiytTmXOD7+QUt1PEY+mKw5mOJR4yWH1rMVnWIV5w==}
    engines: {node: '>= 10'}
    cpu: [x64]
    os: [freebsd]

  '@tailwindcss/oxide-linux-arm-gnueabihf@4.0.0-alpha.18':
    resolution: {integrity: sha512-4aY4B9Ips0KuvCF9vDLKE99APi7GxyueQPzKWkHE1T9CJVFk1JpsPF1hnSzaZewxloM18yLXBFCl7SImoaGh0A==}
    engines: {node: '>= 10'}
    cpu: [arm]
    os: [linux]

  '@tailwindcss/oxide-linux-arm64-gnu@4.0.0-alpha.18':
    resolution: {integrity: sha512-Ky9gcVhJZQBaRLL5w35dE+fHoHXVn9PJy7iNAqgauh+kkPeU7L/EoWu70XMBVaxu7jw8J7KLAUgLR9E6Atwldg==}
    engines: {node: '>= 10'}
    cpu: [arm64]
    os: [linux]

  '@tailwindcss/oxide-linux-arm64-musl@4.0.0-alpha.18':
    resolution: {integrity: sha512-dcq/3wleXfqc9+QAe1eZO00yJEGJRhwA6U80p3C1cgVSg3sZOeKwLPi/69MbkXN1I+VoKqLbYgtv/GzzLY9g2A==}
    engines: {node: '>= 10'}
    cpu: [arm64]
    os: [linux]

  '@tailwindcss/oxide-linux-x64-gnu@4.0.0-alpha.18':
    resolution: {integrity: sha512-R0NeALYR7vhGNvY5PJpmwPdAfp5X2CyYo8FqR2fMgqVyKHpGhJsj+BR2Hg6AcSFg7t4DA1T+fOOcGUupK9cnkQ==}
    engines: {node: '>= 10'}
    cpu: [x64]
    os: [linux]

  '@tailwindcss/oxide-linux-x64-musl@4.0.0-alpha.18':
    resolution: {integrity: sha512-dY/j372Jc+MwGoyHnFW8eGBW6Gab1lU1cMIFm+4TcA63HuYAJfnzt+KU1Jai/5huYj+cy6qrHnWAdO9V3yWpdQ==}
    engines: {node: '>= 10'}
    cpu: [x64]
    os: [linux]

  '@tailwindcss/oxide-win32-x64-msvc@4.0.0-alpha.18':
    resolution: {integrity: sha512-B7eSqgxLfJYZCOX+PZZRWJB5pKTRAVWDRzlMy86cdOIT12TRL4OPT4KQuWnrvfNKVKgcQv6eZhG6CZS6pLi20Q==}
    engines: {node: '>= 10'}
    cpu: [x64]
    os: [win32]

  '@tailwindcss/oxide@4.0.0-alpha.18':
    resolution: {integrity: sha512-Pc4c8khaklIqLWWSVqbVX8P3imjmM3SChJaSPkajbzlQRx17iwqZWVQJIhwP/rZh1aGeJDOVb0kduVlw/J5bIA==}
    engines: {node: '>= 10'}

  '@tailwindcss/postcss@4.0.0-alpha.18':
    resolution: {integrity: sha512-+A/EPAAI7kO4HCmznybCouwAyV33k1cFywIK7D7P8e/WGfDfKEa57be4+jJ6Rnudc6DcnKfHrPPoz30hGMtuWw==}

  '@types/node@20.14.14':
    resolution: {integrity: sha512-d64f00982fS9YoOgJkAMolK7MN8Iq3TDdVjchbYHdEmjth/DHowx82GnoA+tVUAN+7vxfYUgAzi+JXbKNd2SDQ==}

  '@types/papaparse@5.3.14':
    resolution: {integrity: sha512-LxJ4iEFcpqc6METwp9f6BV6VVc43m6MfH0VqFosHvrUgfXiFe6ww7R3itkOQ+TCK6Y+Iv/+RnnvtRZnkc5Kc9g==}

  '@types/pg@8.6.6':
    resolution: {integrity: sha512-O2xNmXebtwVekJDD+02udOncjVcMZQuTEQEMpKJ0ZRf5E7/9JJX3izhKUcUifBkyKpljyUM6BTgy2trmviKlpw==}

  '@types/prop-types@15.7.12':
    resolution: {integrity: sha512-5zvhXYtRNRluoE/jAp4GVsSduVUzNWKkOZrCDBWYtE7biZywwdC2AcEzg+cSMLFRfVgeAFqpfNabiPjxFddV1Q==}

  '@types/react-dom@18.3.0':
    resolution: {integrity: sha512-EhwApuTmMBmXuFOikhQLIBUn6uFg81SwLMOAUgodJF14SOBOCMdU04gDoYi0WOJJHD144TL32z4yDqCW3dnkQg==}

  '@types/react@18.3.3':
    resolution: {integrity: sha512-hti/R0pS0q1/xx+TsI73XIqk26eBsISZ2R0wUijXIngRK9R/e7Xw/cXVxQK7R5JjW+SV4zGcn5hXjudkN/pLIw==}

  '@vercel/postgres@0.8.0':
    resolution: {integrity: sha512-/QUV9ExwaNdKooRjOQqvrKNVnRvsaXeukPNI5DB1ovUTesglfR/fparw7ngo1KUWWKIVpEj2TRrA+ObRHRdaLg==}
    engines: {node: '>=14.6'}

  bufferutil@4.0.8:
    resolution: {integrity: sha512-4T53u4PdgsXqKaIctwF8ifXlRTTmEPJ8iEPWFdGZvcf7sbwYo6FKFEX9eNNAnzFZ7EzJAQ3CJeOtCRA4rDp7Pw==}
    engines: {node: '>=6.14.2'}

  busboy@1.6.0:
    resolution: {integrity: sha512-8SFQbg/0hQ9xy3UNTB0YEnsNBbWfhf7RtnzpL7TkBiTBRfrQ9Fxcnz7VJsleJpyp6rVLvXiuORqjlHi5q+PYuA==}
    engines: {node: '>=10.16.0'}

  caniuse-lite@1.0.30001650:
    resolution: {integrity: sha512-fgEc7hP/LB7iicdXHUI9VsBsMZmUmlVJeQP2qqQW+3lkqVhbmjEU8zp+h5stWeilX+G7uXuIUIIlWlDw9jdt8g==}

  client-only@0.0.1:
    resolution: {integrity: sha512-IV3Ou0jSMzZrd3pZ48nLkT9DA7Ag1pnPzaiQhpW7c3RbcqqzvzzVu+L8gfqMp/8IM2MQtSiqaCxrrcfu8I8rMA==}

  clsx@2.1.1:
    resolution: {integrity: sha512-eYm0QWBtUrBWZWG0d386OGAw16Z995PiOVo2B7bjWSbHedGl5e0ZWaq65kOGgUSNesEIDkB9ISbTg/JK9dhCZA==}
    engines: {node: '>=6'}

  color-convert@2.0.1:
    resolution: {integrity: sha512-RRECPsj7iu/xb5oKYcsFHSppFNnsj/52OVTRKb4zP5onXwVF3zVmmToNcOfGC+CRDpfK/U584fMg38ZHCaElKQ==}
    engines: {node: '>=7.0.0'}

  color-name@1.1.4:
    resolution: {integrity: sha512-dOy+3AuW3a2wNbZHIuMZpTcgjGuLU/uBL/ubcZF9OXbDo8ff4O8yVp5Bf0efS8uEoYo5q4Fx7dY9OgQGXgAsQA==}

  color-string@1.9.1:
    resolution: {integrity: sha512-shrVawQFojnZv6xM40anx4CkoDP+fZsw/ZerEMsW/pyzsRbElpsL/DBVW7q3ExxwusdNXI3lXpuhEZkzs8p5Eg==}

  color@4.2.3:
    resolution: {integrity: sha512-1rXeuUUiGGrykh+CeBdu5Ie7OJwinCgQY0bc7GCRxy5xVHy+moaqkpL/jqQq0MtQOeYcrqEz4abc5f0KtU7W4A==}
    engines: {node: '>=12.5.0'}

  csstype@3.1.3:
    resolution: {integrity: sha512-M1uQkMl8rQK/szD0LNhtqxIPLpimGm8sOBwU7lLnCpSbTyY3yeU1Vc7l4KT5zT4s/yOxHH5O7tIuuLOCnLADRw==}

  detect-libc@1.0.3:
    resolution: {integrity: sha512-pGjwhsmsp4kL2RTz08wcOlGN83otlqHeD/Z5T8GXZB+/YcpQ/dgo+lbU8ZsGxV0HIvqqxo9l7mqYwyYMD9bKDg==}
    engines: {node: '>=0.10'}
    hasBin: true

  detect-libc@2.0.3:
    resolution: {integrity: sha512-bwy0MGW55bG41VqxxypOsdSdGqLwXPI/focwgTYCFMbdUiBAxLg9CFzG08sz2aqzknwiX7Hkl0bQENjg8iLByw==}
    engines: {node: '>=8'}

  function-bind@1.1.2:
    resolution: {integrity: sha512-7XHNxH7qX9xG5mIwxkhumTox/MIRNcOgDrxWsMt2pAr23WHp6MrRlN7FBSFpCpr+oVO0F744iUgR82nJMfG2SA==}

  graceful-fs@4.2.11:
    resolution: {integrity: sha512-RbJ5/jmFcNNCcDV5o9eTnBLJ/HszWV0P73bc+Ff4nS/rJj+YaS6IGyiOL0VoBYX+l1Wrl3k63h/KrH+nhJ0XvQ==}

  hasown@2.0.2:
    resolution: {integrity: sha512-0hJU9SCPvmMzIBdZFqNPXWa6dqh7WdH0cII9y+CyS8rG3nL48Bclra9HmKhVVUHyPWNH5Y7xDwAB7bfgSjkUMQ==}
    engines: {node: '>= 0.4'}

  is-arrayish@0.3.2:
    resolution: {integrity: sha512-eVRqCvVlZbuw3GrM63ovNSNAeA1K16kaR/LRY/92w0zxQ5/1YzwblUX652i4Xs9RwAGjW9d9y6X88t8OaAJfWQ==}

  is-core-module@2.15.0:
    resolution: {integrity: sha512-Dd+Lb2/zvk9SKy1TGCt1wFJFo/MWBPMX5x7KcvLajWTGuomczdQX61PvY5yK6SVACwpoexWo81IfFyoKY2QnTA==}
    engines: {node: '>= 0.4'}

  lightningcss-darwin-arm64@1.26.0:
    resolution: {integrity: sha512-n4TIvHO1NY1ondKFYpL2ZX0bcC2y6yjXMD6JfyizgR8BCFNEeArINDzEaeqlfX9bXz73Bpz/Ow0nu+1qiDrBKg==}
    engines: {node: '>= 12.0.0'}
    cpu: [arm64]
    os: [darwin]

  lightningcss-darwin-x64@1.26.0:
    resolution: {integrity: sha512-Rf9HuHIDi1R6/zgBkJh25SiJHF+dm9axUZW/0UoYCW1/8HV0gMI0blARhH4z+REmWiU1yYT/KyNF3h7tHyRXUg==}
    engines: {node: '>= 12.0.0'}
    cpu: [x64]
    os: [darwin]

  lightningcss-freebsd-x64@1.26.0:
    resolution: {integrity: sha512-C/io7POAxp6sZxFSVGezjajMlCKQ8KSwISLLGRq8xLQpQMokYrUoqYEwmIX8mLmF6C/CZPk0gFmRSzd8biWM0g==}
    engines: {node: '>= 12.0.0'}
    cpu: [x64]
    os: [freebsd]

  lightningcss-linux-arm-gnueabihf@1.26.0:
    resolution: {integrity: sha512-Aag9kqXqkyPSW+dXMgyWk66C984Nay2pY8Nws+67gHlDzV3cWh7TvFlzuaTaVFMVqdDTzN484LSK3u39zFBnzg==}
    engines: {node: '>= 12.0.0'}
    cpu: [arm]
    os: [linux]

  lightningcss-linux-arm64-gnu@1.26.0:
    resolution: {integrity: sha512-iJmZM7fUyVjH+POtdiCtExG+67TtPUTer7K/5A8DIfmPfrmeGvzfRyBltGhQz13Wi15K1lf2cPYoRaRh6vcwNA==}
    engines: {node: '>= 12.0.0'}
    cpu: [arm64]
    os: [linux]

  lightningcss-linux-arm64-musl@1.26.0:
    resolution: {integrity: sha512-XxoEL++tTkyuvu+wq/QS8bwyTXZv2y5XYCMcWL45b8XwkiS8eEEEej9BkMGSRwxa5J4K+LDeIhLrS23CpQyfig==}
    engines: {node: '>= 12.0.0'}
    cpu: [arm64]
    os: [linux]

  lightningcss-linux-x64-gnu@1.26.0:
    resolution: {integrity: sha512-1dkTfZQAYLj8MUSkd6L/+TWTG8V6Kfrzfa0T1fSlXCXQHrt1HC1/UepXHtKHDt/9yFwyoeayivxXAsApVxn6zA==}
    engines: {node: '>= 12.0.0'}
    cpu: [x64]
    os: [linux]

  lightningcss-linux-x64-musl@1.26.0:
    resolution: {integrity: sha512-yX3Rk9m00JGCUzuUhFEojY+jf/6zHs3XU8S8Vk+FRbnr4St7cjyMXdNjuA2LjiT8e7j8xHRCH8hyZ4H/btRE4A==}
    engines: {node: '>= 12.0.0'}
    cpu: [x64]
    os: [linux]

  lightningcss-win32-arm64-msvc@1.26.0:
    resolution: {integrity: sha512-X/597/cFnCogy9VItj/+7Tgu5VLbAtDF7KZDPdSw0MaL6FL940th1y3HiOzFIlziVvAtbo0RB3NAae1Oofr+Tw==}
    engines: {node: '>= 12.0.0'}
    cpu: [arm64]
    os: [win32]

  lightningcss-win32-x64-msvc@1.26.0:
    resolution: {integrity: sha512-pYS3EyGP3JRhfqEFYmfFDiZ9/pVNfy8jVIYtrx9TVNusVyDK3gpW1w/rbvroQ4bDJi7grdUtyrYU6V2xkY/bBw==}
    engines: {node: '>= 12.0.0'}
    cpu: [x64]
    os: [win32]

  lightningcss@1.26.0:
    resolution: {integrity: sha512-a/XZ5hdgifrofQJUArr5AiJjx26SwMam3SJUSMjgebZbESZ96i+6Qsl8tLi0kaUsdMzBWXh9sN1Oe6hp2/dkQw==}
    engines: {node: '>= 12.0.0'}

  nanoid@3.3.7:
    resolution: {integrity: sha512-eSRppjcPIatRIMC1U6UngP8XFcz8MQWGQdt1MTBQ7NaAmvXDfvNxbvWV3x2y6CdEUciCSsDHDQZbhYaB8QEo2g==}
    engines: {node: ^10 || ^12 || ^13.7 || ^14 || >=15.0.1}
    hasBin: true

  next@15.0.0-canary.107:
    resolution: {integrity: sha512-4KPIMZD1p/V/FHGJKUYWGzEhCA+oZaNEzMs9if3B8ot2/F/9Ud2RhK8CokmWZt7MDH0rDOZTwgHV+F0TZWMZfA==}
    engines: {node: '>=18.18.0'}
    hasBin: true
    peerDependencies:
      '@opentelemetry/api': ^1.1.0
      '@playwright/test': ^1.41.2
      babel-plugin-react-compiler: '*'
      react: 19.0.0-rc-06d0b89e-20240801
      react-dom: 19.0.0-rc-06d0b89e-20240801
      sass: ^1.3.0
    peerDependenciesMeta:
      '@opentelemetry/api':
        optional: true
      '@playwright/test':
        optional: true
      babel-plugin-react-compiler:
        optional: true
      sass:
        optional: true

  node-gyp-build@4.8.1:
    resolution: {integrity: sha512-OSs33Z9yWr148JZcbZd5WiAXhh/n9z8TxQcdMhIOlpN9AhWpLfvVFO73+m77bBABQMaY9XSvIa+qk0jlI7Gcaw==}
    hasBin: true

  papaparse@5.4.1:
    resolution: {integrity: sha512-HipMsgJkZu8br23pW15uvo6sib6wne/4woLZPlFf3rpDyMe9ywEXUsuD7+6K9PRkJlVT51j/sCOYDKGGS3ZJrw==}

  path-parse@1.0.7:
    resolution: {integrity: sha512-LDJzPVEEEPR+y48z93A0Ed0yXb8pAByGWo/k5YYdYgpY2/2EsOsksJrq7lOHxryrVOn1ejG6oAp8ahvOIQD8sw==}

  pg-int8@1.0.1:
    resolution: {integrity: sha512-WCtabS6t3c8SkpDBUlb1kjOs7l66xsGdKpIPZsg4wR+B3+u9UAum2odSsF9tnvxg80h4ZxLWMy4pRjOsFIqQpw==}
    engines: {node: '>=4.0.0'}

  pg-protocol@1.6.1:
    resolution: {integrity: sha512-jPIlvgoD63hrEuihvIg+tJhoGjUsLPn6poJY9N5CnlPd91c2T18T/9zBtLxZSb1EhYxBRoZJtzScCaWlYLtktg==}

  pg-types@2.2.0:
    resolution: {integrity: sha512-qTAAlrEsl8s4OiEQY69wDvcMIdQN6wdz5ojQiOy6YRMuynxenON0O5oCpJI6lshc6scgAY8qvJ2On/p+CXY0GA==}
    engines: {node: '>=4'}

  picocolors@1.0.1:
    resolution: {integrity: sha512-anP1Z8qwhkbmu7MFP5iTt+wQKXgwzf7zTyGlcdzabySa9vd0Xt392U0rVmz9poOaBj0uHJKyyo9/upk0HrEQew==}

  pify@2.3.0:
    resolution: {integrity: sha512-udgsAY+fTnvv7kI7aaxbqwWNb0AHiB0qBO89PZKPkoTmGOgdbrHDKD+0B2X4uTfJ/FT1R09r9gTsjUjNJotuog==}
    engines: {node: '>=0.10.0'}

  postcss-import@16.1.0:
    resolution: {integrity: sha512-7hsAZ4xGXl4MW+OKEWCnF6T5jqBw80/EE9aXg1r2yyn1RsVEU8EtKXbijEODa+rg7iih4bKf7vlvTGYR4CnPNg==}
    engines: {node: '>=18.0.0'}
    peerDependencies:
      postcss: ^8.0.0

  postcss-value-parser@4.2.0:
    resolution: {integrity: sha512-1NNCs6uurfkVbeXG4S8JFT9t19m45ICnif8zWLd5oPSZ50QnwMfK+H3jv408d4jw/7Bttv5axS5IiHoLaVNHeQ==}

  postcss@8.4.31:
    resolution: {integrity: sha512-PS08Iboia9mts/2ygV3eLpY5ghnUcfLV/EXTOW1E2qYxJKGGBUtNjN76FYHnMs36RmARn41bC0AZmn+rR0OVpQ==}
    engines: {node: ^10 || ^12 || >=14}

  postcss@8.4.41:
    resolution: {integrity: sha512-TesUflQ0WKZqAvg52PWL6kHgLKP6xB6heTOdoYM0Wt2UHyxNa4K25EZZMgKns3BH1RLVbZCREPpLY0rhnNoHVQ==}
    engines: {node: ^10 || ^12 || >=14}

  postgres-array@2.0.0:
    resolution: {integrity: sha512-VpZrUqU5A69eQyW2c5CA1jtLecCsN2U/bD6VilrFDWq5+5UIEVO7nazS3TEcHf1zuPYO/sqGvUvW62g86RXZuA==}
    engines: {node: '>=4'}

  postgres-bytea@1.0.0:
    resolution: {integrity: sha512-xy3pmLuQqRBZBXDULy7KbaitYqLcmxigw14Q5sj8QBVLqEwXfeybIKVWiqAXTlcvdvb0+xkOtDbfQMOf4lST1w==}
    engines: {node: '>=0.10.0'}

  postgres-date@1.0.7:
    resolution: {integrity: sha512-suDmjLVQg78nMK2UZ454hAG+OAW+HQPZ6n++TNDUX+L0+uUlLywnoxJKDou51Zm+zTCjrCl0Nq6J9C5hP9vK/Q==}
    engines: {node: '>=0.10.0'}

  postgres-interval@1.2.0:
    resolution: {integrity: sha512-9ZhXKM/rw350N1ovuWHbGxnGh/SNJ4cnxHiM0rxE4VN41wsg8P8zWn9hv/buK00RP4WvlOyr/RBDiptyxVbkZQ==}
    engines: {node: '>=0.10.0'}

  prettier@3.3.3:
    resolution: {integrity: sha512-i2tDNA0O5IrMO757lfrdQZCc2jPNDVntV0m/+4whiDfWaTKfMNgR7Qz0NAeGz/nRqF4m5/6CLzbP4/liHt12Ew==}
    engines: {node: '>=14'}
    hasBin: true

  react-dom@19.0.0-rc-e948a5ac-20240807:
    resolution: {integrity: sha512-FVjbcTEsbHn00XuWb1Q0zeTHk27M5kAGw7k8Y1U/M748dIqJOoL64C5n9+YBq7XbGrk10c3wKLYB0DJ8LkBRzw==}
    peerDependencies:
      react: 19.0.0-rc-e948a5ac-20240807

  react@19.0.0-rc-e948a5ac-20240807:
    resolution: {integrity: sha512-HQz6Ien3YXDqFFsZcoEagiXk43VOtyvEQAk2ZR/+99dnhRxlFT7e2n0g6qgeD2B/S7UZimiYS+HQS410xhvMxg==}
    engines: {node: '>=0.10.0'}

  read-cache@1.0.0:
    resolution: {integrity: sha512-Owdv/Ft7IjOgm/i0xvNDZ1LrRANRfew4b2prF3OWMQLxLfu3bS8FVhCsrSCMK4lR56Y9ya+AThoTpDCTxCmpRA==}

  resolve@1.22.8:
    resolution: {integrity: sha512-oKWePCxqpd6FlLvGV1VU0x7bkPmmCNolxzjMf4NczoDnQcIWrAF+cPtZn5i6n+RfD2d9i0tzpKnG6Yk168yIyw==}
    hasBin: true

  scheduler@0.25.0-rc-e948a5ac-20240807:
    resolution: {integrity: sha512-LH8rwsrnIYe1YTz0odUZWq5+rCZZqcw69DTx0eSnD1xx3q1AM60gEYrpis6Uf3p5bMU2wFxjtlubx/Pw+kvfCA==}

  semver@7.6.3:
    resolution: {integrity: sha512-oVekP1cKtI+CTDvHWYFUcMtsK/00wmAEfyqKfNdARm8u1wNVhSgaX7A8d4UuIlUI5e84iEwOhs7ZPYRmzU9U6A==}
    engines: {node: '>=10'}
    hasBin: true

  sharp@0.33.4:
    resolution: {integrity: sha512-7i/dt5kGl7qR4gwPRD2biwD2/SvBn3O04J77XKFgL2OnZtQw+AG9wnuS/csmu80nPRHLYE9E41fyEiG8nhH6/Q==}
    engines: {libvips: '>=8.15.2', node: ^18.17.0 || ^20.3.0 || >=21.0.0}

  simple-swizzle@0.2.2:
    resolution: {integrity: sha512-JA//kQgZtbuY83m+xT+tXJkmJncGMTFT+C+g2h2R9uxkYIrE2yy9sgmcLhCnw57/WSD+Eh3J97FPEDFnbXnDUg==}

  source-map-js@1.2.0:
    resolution: {integrity: sha512-itJW8lvSA0TXEphiRoawsCksnlf8SyvmFzIhltqAHluXd88pkCd+cXJVHTDwdCr0IzwptSm035IHQktUu1QUMg==}
    engines: {node: '>=0.10.0'}

  streamsearch@1.1.0:
    resolution: {integrity: sha512-Mcc5wHehp9aXz1ax6bZUyY5afg9u2rv5cqQI3mRrYkGC8rW2hM02jWuwjtL++LS5qinSyhj2QfLyNsuc+VsExg==}
    engines: {node: '>=10.0.0'}

  styled-jsx@5.1.6:
    resolution: {integrity: sha512-qSVyDTeMotdvQYoHWLNGwRFJHC+i+ZvdBRYosOFgC+Wg1vx4frN2/RG/NA7SYqqvKNLf39P2LSRA2pu6n0XYZA==}
    engines: {node: '>= 12.0.0'}
    peerDependencies:
      '@babel/core': '*'
      babel-plugin-macros: '*'
      react: '>= 16.8.0 || 17.x.x || ^18.0.0-0 || ^19.0.0-0'
    peerDependenciesMeta:
      '@babel/core':
        optional: true
      babel-plugin-macros:
        optional: true

  supports-preserve-symlinks-flag@1.0.0:
    resolution: {integrity: sha512-ot0WnXS9fgdkgIcePe6RHNk1WA8+muPa6cSjeR3V8K27q9BB1rTE3R1p7Hv0z1ZyAc8s6Vvv8DIyWf681MAt0w==}
    engines: {node: '>= 0.4'}

  tailwindcss@4.0.0-alpha.18:
    resolution: {integrity: sha512-wX9Kwo+Wi0l2RSzeUrQjLQJE/VFudncMeE0I6W4Zua0QoXQsdVnzQ4QZH8ntp9/17faqz0u/z4ZZ6CvCIvU1sw==}

  tslib@2.6.3:
    resolution: {integrity: sha512-xNvxJEOUiWPGhUuUdQgAJPKOOJfGnIyKySOc09XkKsgdUV/3E2zvwZYdejjmRgPCgcym1juLH3226yA7sEFJKQ==}

  typescript@5.5.4:
    resolution: {integrity: sha512-Mtq29sKDAEYP7aljRgtPOpTvOfbwRWlS6dPRzwjdE+C0R4brX/GUyhHSecbHMFLNBLcJIPt9nl9yG5TZ1weH+Q==}
    engines: {node: '>=14.17'}
    hasBin: true

  undici-types@5.26.5:
    resolution: {integrity: sha512-JlCMO+ehdEIKqlFxk6IfVoAUVmgz7cU7zD/h9XZ0qzeosSHmUJVOzSQvvYSYWXkFXC+IfLKSIffhv0sVZup6pA==}

  use-debounce@10.0.2:
    resolution: {integrity: sha512-MwBiJK2dk+2qhMDVDCPRPeLuIekKfH2t1UYMnrW9pwcJJGFDbTLliSMBz2UKGmE1PJs8l3XoMqbIU1MemMAJ8g==}
    engines: {node: '>= 16.0.0'}
    peerDependencies:
      react: '>=16.8.0'

  utf-8-validate@6.0.3:
    resolution: {integrity: sha512-uIuGf9TWQ/y+0Lp+KGZCMuJWc3N9BHA+l/UmHd/oUHwJJDeysyTRxNQVkbzsIWfGFbRe3OcgML/i0mvVRPOyDA==}
    engines: {node: '>=6.14.2'}

  ws@8.14.2:
    resolution: {integrity: sha512-wEBG1ftX4jcglPxgFCMJmZ2PLtSbJ2Peg6TmpJFTbe9GZYOQCDPdMYu/Tm0/bGZkw8paZnJY45J4K2PZrLYq8g==}
    engines: {node: '>=10.0.0'}
    peerDependencies:
      bufferutil: ^4.0.1
      utf-8-validate: '>=5.0.2'
    peerDependenciesMeta:
      bufferutil:
        optional: true
      utf-8-validate:
        optional: true

  xtend@4.0.2:
    resolution: {integrity: sha512-LKYU1iAXJXUgAXn9URjiu+MWhyUXHsvfp7mcuYm9dSUKK0/CjtrUwFAxD82/mCWbtLsGjFIad0wIsod4zrTAEQ==}
    engines: {node: '>=0.4'}

snapshots:

  '@emnapi/runtime@1.2.0':
    dependencies:
      tslib: 2.6.3
    optional: true

  '@heroicons/react@2.1.5(react@19.0.0-rc-e948a5ac-20240807)':
    dependencies:
      react: 19.0.0-rc-e948a5ac-20240807

  '@img/sharp-darwin-arm64@0.33.4':
    optionalDependencies:
      '@img/sharp-libvips-darwin-arm64': 1.0.2
    optional: true

  '@img/sharp-darwin-x64@0.33.4':
    optionalDependencies:
      '@img/sharp-libvips-darwin-x64': 1.0.2
    optional: true

  '@img/sharp-libvips-darwin-arm64@1.0.2':
    optional: true

  '@img/sharp-libvips-darwin-x64@1.0.2':
    optional: true

  '@img/sharp-libvips-linux-arm64@1.0.2':
    optional: true

  '@img/sharp-libvips-linux-arm@1.0.2':
    optional: true

  '@img/sharp-libvips-linux-s390x@1.0.2':
    optional: true

  '@img/sharp-libvips-linux-x64@1.0.2':
    optional: true

  '@img/sharp-libvips-linuxmusl-arm64@1.0.2':
    optional: true

  '@img/sharp-libvips-linuxmusl-x64@1.0.2':
    optional: true

  '@img/sharp-linux-arm64@0.33.4':
    optionalDependencies:
      '@img/sharp-libvips-linux-arm64': 1.0.2
    optional: true

  '@img/sharp-linux-arm@0.33.4':
    optionalDependencies:
      '@img/sharp-libvips-linux-arm': 1.0.2
    optional: true

  '@img/sharp-linux-s390x@0.33.4':
    optionalDependencies:
      '@img/sharp-libvips-linux-s390x': 1.0.2
    optional: true

  '@img/sharp-linux-x64@0.33.4':
    optionalDependencies:
      '@img/sharp-libvips-linux-x64': 1.0.2
    optional: true

  '@img/sharp-linuxmusl-arm64@0.33.4':
    optionalDependencies:
      '@img/sharp-libvips-linuxmusl-arm64': 1.0.2
    optional: true

  '@img/sharp-linuxmusl-x64@0.33.4':
    optionalDependencies:
      '@img/sharp-libvips-linuxmusl-x64': 1.0.2
    optional: true

  '@img/sharp-wasm32@0.33.4':
    dependencies:
      '@emnapi/runtime': 1.2.0
    optional: true

  '@img/sharp-win32-ia32@0.33.4':
    optional: true

  '@img/sharp-win32-x64@0.33.4':
    optional: true

  '@neondatabase/serverless@0.7.2':
    dependencies:
      '@types/pg': 8.6.6

  '@next/env@14.2.5': {}

  '@next/env@15.0.0-canary.107': {}

  '@next/swc-darwin-arm64@15.0.0-canary.107':
    optional: true

  '@next/swc-darwin-x64@15.0.0-canary.107':
    optional: true

  '@next/swc-linux-arm64-gnu@15.0.0-canary.107':
    optional: true

  '@next/swc-linux-arm64-musl@15.0.0-canary.107':
    optional: true

  '@next/swc-linux-x64-gnu@15.0.0-canary.107':
    optional: true

  '@next/swc-linux-x64-musl@15.0.0-canary.107':
    optional: true

  '@next/swc-win32-arm64-msvc@15.0.0-canary.107':
    optional: true

  '@next/swc-win32-ia32-msvc@15.0.0-canary.107':
    optional: true

  '@next/swc-win32-x64-msvc@15.0.0-canary.107':
    optional: true

  '@swc/counter@0.1.3': {}

  '@swc/helpers@0.5.12':
    dependencies:
      tslib: 2.6.3

  '@tailwindcss/oxide-android-arm64@4.0.0-alpha.18':
    optional: true

  '@tailwindcss/oxide-darwin-arm64@4.0.0-alpha.18':
    optional: true

  '@tailwindcss/oxide-darwin-x64@4.0.0-alpha.18':
    optional: true

  '@tailwindcss/oxide-freebsd-x64@4.0.0-alpha.18':
    optional: true

  '@tailwindcss/oxide-linux-arm-gnueabihf@4.0.0-alpha.18':
    optional: true

  '@tailwindcss/oxide-linux-arm64-gnu@4.0.0-alpha.18':
    optional: true

  '@tailwindcss/oxide-linux-arm64-musl@4.0.0-alpha.18':
    optional: true

  '@tailwindcss/oxide-linux-x64-gnu@4.0.0-alpha.18':
    optional: true

  '@tailwindcss/oxide-linux-x64-musl@4.0.0-alpha.18':
    optional: true

  '@tailwindcss/oxide-win32-x64-msvc@4.0.0-alpha.18':
    optional: true

  '@tailwindcss/oxide@4.0.0-alpha.18':
    optionalDependencies:
      '@tailwindcss/oxide-android-arm64': 4.0.0-alpha.18
      '@tailwindcss/oxide-darwin-arm64': 4.0.0-alpha.18
      '@tailwindcss/oxide-darwin-x64': 4.0.0-alpha.18
      '@tailwindcss/oxide-freebsd-x64': 4.0.0-alpha.18
      '@tailwindcss/oxide-linux-arm-gnueabihf': 4.0.0-alpha.18
      '@tailwindcss/oxide-linux-arm64-gnu': 4.0.0-alpha.18
      '@tailwindcss/oxide-linux-arm64-musl': 4.0.0-alpha.18
      '@tailwindcss/oxide-linux-x64-gnu': 4.0.0-alpha.18
      '@tailwindcss/oxide-linux-x64-musl': 4.0.0-alpha.18
      '@tailwindcss/oxide-win32-x64-msvc': 4.0.0-alpha.18

  '@tailwindcss/postcss@4.0.0-alpha.18(postcss@8.4.41)':
    dependencies:
      '@tailwindcss/oxide': 4.0.0-alpha.18
      lightningcss: 1.26.0
      postcss-import: 16.1.0(postcss@8.4.41)
      tailwindcss: 4.0.0-alpha.18
    transitivePeerDependencies:
      - postcss

  '@types/node@20.14.14':
    dependencies:
      undici-types: 5.26.5

  '@types/papaparse@5.3.14':
    dependencies:
      '@types/node': 20.14.14

  '@types/pg@8.6.6':
    dependencies:
      '@types/node': 20.14.14
      pg-protocol: 1.6.1
      pg-types: 2.2.0

  '@types/prop-types@15.7.12': {}

  '@types/react-dom@18.3.0':
    dependencies:
      '@types/react': 18.3.3

  '@types/react@18.3.3':
    dependencies:
      '@types/prop-types': 15.7.12
      csstype: 3.1.3

  '@vercel/postgres@0.8.0':
    dependencies:
      '@neondatabase/serverless': 0.7.2
      bufferutil: 4.0.8
      utf-8-validate: 6.0.3
      ws: 8.14.2(bufferutil@4.0.8)(utf-8-validate@6.0.3)

  bufferutil@4.0.8:
    dependencies:
      node-gyp-build: 4.8.1

  busboy@1.6.0:
    dependencies:
      streamsearch: 1.1.0

  caniuse-lite@1.0.30001650: {}

  client-only@0.0.1: {}

  clsx@2.1.1: {}

  color-convert@2.0.1:
    dependencies:
      color-name: 1.1.4
    optional: true

  color-name@1.1.4:
    optional: true

  color-string@1.9.1:
    dependencies:
      color-name: 1.1.4
      simple-swizzle: 0.2.2
    optional: true

  color@4.2.3:
    dependencies:
      color-convert: 2.0.1
      color-string: 1.9.1
    optional: true

  csstype@3.1.3: {}

  detect-libc@1.0.3: {}

  detect-libc@2.0.3:
    optional: true

  function-bind@1.1.2: {}

  graceful-fs@4.2.11: {}

  hasown@2.0.2:
    dependencies:
      function-bind: 1.1.2

  is-arrayish@0.3.2:
    optional: true

  is-core-module@2.15.0:
    dependencies:
      hasown: 2.0.2

  lightningcss-darwin-arm64@1.26.0:
    optional: true

  lightningcss-darwin-x64@1.26.0:
    optional: true

  lightningcss-freebsd-x64@1.26.0:
    optional: true

  lightningcss-linux-arm-gnueabihf@1.26.0:
    optional: true

  lightningcss-linux-arm64-gnu@1.26.0:
    optional: true

  lightningcss-linux-arm64-musl@1.26.0:
    optional: true

  lightningcss-linux-x64-gnu@1.26.0:
    optional: true

  lightningcss-linux-x64-musl@1.26.0:
    optional: true

  lightningcss-win32-arm64-msvc@1.26.0:
    optional: true

  lightningcss-win32-x64-msvc@1.26.0:
    optional: true

  lightningcss@1.26.0:
    dependencies:
      detect-libc: 1.0.3
    optionalDependencies:
      lightningcss-darwin-arm64: 1.26.0
      lightningcss-darwin-x64: 1.26.0
      lightningcss-freebsd-x64: 1.26.0
      lightningcss-linux-arm-gnueabihf: 1.26.0
      lightningcss-linux-arm64-gnu: 1.26.0
      lightningcss-linux-arm64-musl: 1.26.0
      lightningcss-linux-x64-gnu: 1.26.0
      lightningcss-linux-x64-musl: 1.26.0
      lightningcss-win32-arm64-msvc: 1.26.0
      lightningcss-win32-x64-msvc: 1.26.0

  nanoid@3.3.7: {}

  next@15.0.0-canary.107(react-dom@19.0.0-rc-e948a5ac-20240807(react@19.0.0-rc-e948a5ac-20240807))(react@19.0.0-rc-e948a5ac-20240807):
    dependencies:
      '@next/env': 15.0.0-canary.107
      '@swc/counter': 0.1.3
      '@swc/helpers': 0.5.12
      busboy: 1.6.0
      caniuse-lite: 1.0.30001650
      graceful-fs: 4.2.11
      postcss: 8.4.31
      react: 19.0.0-rc-e948a5ac-20240807
      react-dom: 19.0.0-rc-e948a5ac-20240807(react@19.0.0-rc-e948a5ac-20240807)
      styled-jsx: 5.1.6(react@19.0.0-rc-e948a5ac-20240807)
    optionalDependencies:
      '@next/swc-darwin-arm64': 15.0.0-canary.107
      '@next/swc-darwin-x64': 15.0.0-canary.107
      '@next/swc-linux-arm64-gnu': 15.0.0-canary.107
      '@next/swc-linux-arm64-musl': 15.0.0-canary.107
      '@next/swc-linux-x64-gnu': 15.0.0-canary.107
      '@next/swc-linux-x64-musl': 15.0.0-canary.107
      '@next/swc-win32-arm64-msvc': 15.0.0-canary.107
      '@next/swc-win32-ia32-msvc': 15.0.0-canary.107
      '@next/swc-win32-x64-msvc': 15.0.0-canary.107
      sharp: 0.33.4
    transitivePeerDependencies:
      - '@babel/core'
      - babel-plugin-macros

  node-gyp-build@4.8.1: {}

  papaparse@5.4.1: {}

  path-parse@1.0.7: {}

  pg-int8@1.0.1: {}

  pg-protocol@1.6.1: {}

  pg-types@2.2.0:
    dependencies:
      pg-int8: 1.0.1
      postgres-array: 2.0.0
      postgres-bytea: 1.0.0
      postgres-date: 1.0.7
      postgres-interval: 1.2.0

  picocolors@1.0.1: {}

  pify@2.3.0: {}

  postcss-import@16.1.0(postcss@8.4.41):
    dependencies:
      postcss: 8.4.41
      postcss-value-parser: 4.2.0
      read-cache: 1.0.0
      resolve: 1.22.8

  postcss-value-parser@4.2.0: {}

  postcss@8.4.31:
    dependencies:
      nanoid: 3.3.7
      picocolors: 1.0.1
      source-map-js: 1.2.0

  postcss@8.4.41:
    dependencies:
      nanoid: 3.3.7
      picocolors: 1.0.1
      source-map-js: 1.2.0

  postgres-array@2.0.0: {}

  postgres-bytea@1.0.0: {}

  postgres-date@1.0.7: {}

  postgres-interval@1.2.0:
    dependencies:
      xtend: 4.0.2

  prettier@3.3.3: {}

  react-dom@19.0.0-rc-e948a5ac-20240807(react@19.0.0-rc-e948a5ac-20240807):
    dependencies:
      react: 19.0.0-rc-e948a5ac-20240807
      scheduler: 0.25.0-rc-e948a5ac-20240807

  react@19.0.0-rc-e948a5ac-20240807: {}

  read-cache@1.0.0:
    dependencies:
      pify: 2.3.0

  resolve@1.22.8:
    dependencies:
      is-core-module: 2.15.0
      path-parse: 1.0.7
      supports-preserve-symlinks-flag: 1.0.0

  scheduler@0.25.0-rc-e948a5ac-20240807: {}

  semver@7.6.3:
    optional: true

  sharp@0.33.4:
    dependencies:
      color: 4.2.3
      detect-libc: 2.0.3
      semver: 7.6.3
    optionalDependencies:
      '@img/sharp-darwin-arm64': 0.33.4
      '@img/sharp-darwin-x64': 0.33.4
      '@img/sharp-libvips-darwin-arm64': 1.0.2
      '@img/sharp-libvips-darwin-x64': 1.0.2
      '@img/sharp-libvips-linux-arm': 1.0.2
      '@img/sharp-libvips-linux-arm64': 1.0.2
      '@img/sharp-libvips-linux-s390x': 1.0.2
      '@img/sharp-libvips-linux-x64': 1.0.2
      '@img/sharp-libvips-linuxmusl-arm64': 1.0.2
      '@img/sharp-libvips-linuxmusl-x64': 1.0.2
      '@img/sharp-linux-arm': 0.33.4
      '@img/sharp-linux-arm64': 0.33.4
      '@img/sharp-linux-s390x': 0.33.4
      '@img/sharp-linux-x64': 0.33.4
      '@img/sharp-linuxmusl-arm64': 0.33.4
      '@img/sharp-linuxmusl-x64': 0.33.4
      '@img/sharp-wasm32': 0.33.4
      '@img/sharp-win32-ia32': 0.33.4
      '@img/sharp-win32-x64': 0.33.4
    optional: true

  simple-swizzle@0.2.2:
    dependencies:
      is-arrayish: 0.3.2
    optional: true

  source-map-js@1.2.0: {}

  streamsearch@1.1.0: {}

  styled-jsx@5.1.6(react@19.0.0-rc-e948a5ac-20240807):
    dependencies:
      client-only: 0.0.1
      react: 19.0.0-rc-e948a5ac-20240807

  supports-preserve-symlinks-flag@1.0.0: {}

  tailwindcss@4.0.0-alpha.18: {}

  tslib@2.6.3: {}

  typescript@5.5.4: {}

  undici-types@5.26.5: {}

  use-debounce@10.0.2(react@19.0.0-rc-e948a5ac-20240807):
    dependencies:
      react: 19.0.0-rc-e948a5ac-20240807

  utf-8-validate@6.0.3:
    dependencies:
      node-gyp-build: 4.8.1

  ws@8.14.2(bufferutil@4.0.8)(utf-8-validate@6.0.3):
    optionalDependencies:
      bufferutil: 4.0.8
      utf-8-validate: 6.0.3

  xtend@4.0.2: {}
